
Microsoft Visual Studio Solution File, Format Version 12.00
# Visual Studio 15
VisualStudioVersion = 15.0.27703.2026
MinimumVisualStudioVersion = 10.0.40219.1
Project("{9A19103F-16F7-4668-BE54-9A1E7A4F7556}") = "BoboTech.SecretsManager", "BoboTech.SecretsManager\BoboTech.SecretsManager.csproj", "{129E2EF0-80FB-406D-AED1-6B69F816F7ED}"
EndProject
Global
	GlobalSection(SolutionConfigurationPlatforms) = preSolution
		Debug|Any CPU = Debug|Any CPU
		Release|Any CPU = Release|Any CPU
	EndGlobalSection
	GlobalSection(ProjectConfigurationPlatforms) = postSolution
		{129E2EF0-80FB-406D-AED1-6B69F816F7ED}.Debug|Any CPU.ActiveCfg = Debug|Any CPU
		{129E2EF0-80FB-406D-AED1-6B69F816F7ED}.Debug|Any CPU.Build.0 = Debug|Any CPU
		{129E2EF0-80FB-406D-AED1-6B69F816F7ED}.Release|Any CPU.ActiveCfg = Release|Any CPU
		{129E2EF0-80FB-406D-AED1-6B69F816F7ED}.Release|Any CPU.Build.0 = Release|Any CPU
	EndGlobalSection
	GlobalSection(SolutionProperties) = preSolution
		HideSolutionNode = FALSE
	EndGlobalSection
	GlobalSection(ExtensibilityGlobals) = postSolution
		SolutionGuid = {DAB36465-B99C-4075-AB19-C319555D8ADF}
	EndGlobalSection
EndGlobal
